{
	"archiveVersion" = "1";
	"classes" =
		{
		};
	"objectVersion" = "46";
	"objects" =
		{
			"100000000000000000000002" =
				{
					"isa" = "PBXGroup";
					"children" =
						("47E2211016A5410E8DA8FD0C", "2CA3C3E09CDB41EBA3B880F8");
					"sourceTree" = "<group>";
				};
			"100000000000000000000006" =
				{
					"isa" = "PBXNativeTarget";
					"buildPhases" =
						("100000000000000000000007");
					"buildRules" =
						();
					"dependencies" =
						();
					"name" = "test";
					"productName" = "test";
					"productType" = "com.apple.product-type.application";
				};
			"100000000000000000000001" =
				{
					"isa" = "PBXProject";
					"attributes" =
						{
							"LastUpgradeCheck" = "0620";
						};
					"buildConfigurationList" = "100000000000000000000003";
					"compatibilityVersion" = "Xcode 3.2";
					"developmentRegion" = "English";
					"hasScannedForEncodings" = "0";
					"knownRegions" =
						("en");
					"mainGroup" = "100000000000000000000002";
					"projectDirPath" = "";
					"projectRoot" = "";
					"targets" =
						("100000000000000000000006");
				};
			"100000000000000000000007" =
				{
					"isa" = "PBXSourcesBuildPhase";
					"buildActionMask" = "2147483647";
					"files" =
						();
					"runOnlyForDeploymentPostprocessing" = "0";
				};
			"100000000000000000000004" =
				{
					"isa" = "XCBuildConfiguration";
					"buildSettings" =
						{
							"INFOPLIST_FILE" = "/Users/samuelalejandromacedovidrio/Development/Repositories/smashing-crystals/ios/Info.plist.xml";
							"SDKROOT" = "iphoneos";
							"TARGETED_DEVICE_FAMILY" = "1,2";
							"GCC_PRECOMPILE_PREFIX_HEADER" = "YES";
							"GCC_PREFIX_HEADER" = "/Users/samuelalejandromacedovidrio/Development/Repositories/smashing-crystals/ios/robovm-build/xcode/.ib/Prefix.pch";
						};
					"name" = "Debug";
				};
			"100000000000000000000005" =
				{
					"isa" = "XCBuildConfiguration";
					"buildSettings" =
						{
							"INFOPLIST_FILE" = "/Users/samuelalejandromacedovidrio/Development/Repositories/smashing-crystals/ios/Info.plist.xml";
							"SDKROOT" = "iphoneos";
							"TARGETED_DEVICE_FAMILY" = "1,2";
							"GCC_PRECOMPILE_PREFIX_HEADER" = "YES";
							"GCC_PREFIX_HEADER" = "/Users/samuelalejandromacedovidrio/Development/Repositories/smashing-crystals/ios/robovm-build/xcode/.ib/Prefix.pch";
						};
					"name" = "Release";
				};
			"100000000000000000000003" =
				{
					"isa" = "XCConfigurationList";
					"buildConfigurations" =
						("100000000000000000000004", "100000000000000000000005");
					"defaultConfigurationIsVisible" = "0";
					"defaultConfigurationName" = "Release";
				};
			"47E2211016A5410E8DA8FD0C" =
				{
					"isa" = "PBXGroup";
					"children" =
						("C50149314159430F8718D409", "534FA6241FF64A5D96FBEC01", "DCC926D43CA54E3380FC51FA",
 "36FEB6C4A6614BFEBB88371B", "3566A68880B640708778DDF9", "B3546556B8824659A366E17C",
 "495DD0B130034426B1DAAAA1", "BA5A96F20E7C4D409AF5F8EB", "4442ED43F8864DFF939EB692",
 "7365ACE4F159415B88CBCFC8", "C25872C23072464B8297ECC9", "01E0CDF4F5834FA8A748F317",
 "4E6FF512B56444D790A480FF");
					"name" = "Resources";
					"sourceTree" = "<absolute>";
					"path" = "/Users/samuelalejandromacedovidrio/Development/Repositories/smashing-crystals/ios/../android/assets";
				};
			"D5B298887EEF45E6B26D22ED" =
				{
					"isa" = "PBXFileReference";
					"name" = "furore.png";
					"lastKnownFileType" = "image.png";
					"sourceTree" = "<group>";
					"path" = "furore.png";
				};
			"C50149314159430F8718D409" =
				{
					"isa" = "PBXGroup";
					"children" =
						("D5B298887EEF45E6B26D22ED");
					"name" = "fonts";
					"sourceTree" = "<group>";
					"path" = "fonts";
				};
			"1E0A3B79AE9748EAAD1D0B14" =
				{
					"isa" = "PBXFileReference";
					"name" = "textures.png";
					"lastKnownFileType" = "image.png";
					"sourceTree" = "<group>";
					"path" = "textures.png";
				};
			"534FA6241FF64A5D96FBEC01" =
				{
					"isa" = "PBXGroup";
					"children" =
						("1E0A3B79AE9748EAAD1D0B14");
					"name" = "textures";
					"sourceTree" = "<group>";
					"path" = "textures";
				};
			"E31101EF381A46889D64F5CA" =
				{
					"isa" = "PBXFileReference";
					"name" = "Info.plist";
					"explicitFileType" = "text.plist.info";
					"sourceTree" = "<group>";
					"path" = "Info.plist.xml";
				};
			"2CA3C3E09CDB41EBA3B880F8" =
				{
					"isa" = "PBXGroup";
					"children" =
						("E31101EF381A46889D64F5CA");
					"name" = "Supporting Files";
					"sourceTree" = "<absolute>";
					"path" = "/Users/samuelalejandromacedovidrio/Development/Repositories/smashing-crystals/ios";
				};
			"DCC926D43CA54E3380FC51FA" =
				{
					"isa" = "PBXFileReference";
					"name" = "Default-375w-667h@2x.png";
					"lastKnownFileType" = "image.png";
					"sourceTree" = "<group>";
					"path" = "Default-375w-667h@2x.png";
				};
			"36FEB6C4A6614BFEBB88371B" =
				{
					"isa" = "PBXFileReference";
					"name" = "Default-414w-736h@3x.png";
					"lastKnownFileType" = "image.png";
					"sourceTree" = "<group>";
					"path" = "Default-414w-736h@3x.png";
				};
			"3566A68880B640708778DDF9" =
				{
					"isa" = "PBXFileReference";
					"name" = "Default-568h@2x.png";
					"lastKnownFileType" = "image.png";
					"sourceTree" = "<group>";
					"path" = "Default-568h@2x.png";
				};
			"B3546556B8824659A366E17C" =
				{
					"isa" = "PBXFileReference";
					"name" = "Default.png";
					"lastKnownFileType" = "image.png";
					"sourceTree" = "<group>";
					"path" = "Default.png";
				};
			"495DD0B130034426B1DAAAA1" =
				{
					"isa" = "PBXFileReference";
					"name" = "Default@2x.png";
					"lastKnownFileType" = "image.png";
					"sourceTree" = "<group>";
					"path" = "Default@2x.png";
				};
			"BA5A96F20E7C4D409AF5F8EB" =
				{
					"isa" = "PBXFileReference";
					"name" = "Default@2x~ipad.png";
					"lastKnownFileType" = "image.png";
					"sourceTree" = "<group>";
					"path" = "Default@2x~ipad.png";
				};
			"4442ED43F8864DFF939EB692" =
				{
					"isa" = "PBXFileReference";
					"name" = "Default~ipad.png";
					"lastKnownFileType" = "image.png";
					"sourceTree" = "<group>";
					"path" = "Default~ipad.png";
				};
			"7365ACE4F159415B88CBCFC8" =
				{
					"isa" = "PBXFileReference";
					"name" = "Icon-72.png";
					"lastKnownFileType" = "image.png";
					"sourceTree" = "<group>";
					"path" = "Icon-72.png";
				};
			"C25872C23072464B8297ECC9" =
				{
					"isa" = "PBXFileReference";
					"name" = "Icon-72@2x.png";
					"lastKnownFileType" = "image.png";
					"sourceTree" = "<group>";
					"path" = "Icon-72@2x.png";
				};
			"01E0CDF4F5834FA8A748F317" =
				{
					"isa" = "PBXFileReference";
					"name" = "Icon.png";
					"lastKnownFileType" = "image.png";
					"sourceTree" = "<group>";
					"path" = "Icon.png";
				};
			"4E6FF512B56444D790A480FF" =
				{
					"isa" = "PBXFileReference";
					"name" = "Icon@2x.png";
					"lastKnownFileType" = "image.png";
					"sourceTree" = "<group>";
					"path" = "Icon@2x.png";
				};
		};
	"rootObject" = "100000000000000000000001";
}
